name: Client Test
on:
  workflow_dispatch:
  push:
    branches: [ main ]
    tags: [ '*' ]

jobs:
  client-test:
    name: Client Test
    runs-on: Ubuntu-latest
    strategy:
      matrix:
        python-version: [3.11.1]
    
    steps:
    - uses: actions/checkout@v2
    - name: Start Client 
      run: |
        echo $PWD
        wget -O zeitgeist https://github.com/zeitgeistpm/zeitgeist/releases/download/v0.3.6/zeitgeist_parachain
        chmod 0755 $PWD/zeitgeist
        nohup $PWD/zeitgeist --dev --tmp > test.log 2>&1 &
        echo $! > pid.txt
        
    
    - name: Set up Python ${{ matrix.python-version }}
      uses: actions/setup-python@v2
      with:
        python-version: ${{ matrix.python-version }}

    - name: Install Python dependencies
      run: |
        python -m pip install --upgrade pip
        if [ -f tests/requirements.txt ]; then pip install -r tests/requirements.txt; fi

    - name: Test Client
      run: cd tests && pytest -v
      


        
